
Microsoft Visual Studio Solution File, Format Version 12.00
# Visual Studio Version 16
VisualStudioVersion = 16.0.31605.320
MinimumVisualStudioVersion = 10.0.40219.1
Project("{8BC9CEB8-8B4A-11D0-8D11-00A0C91BC942}") = "ShootingGame", "ShootingGame.vcxproj", "{162ECF04-65D4-4EA9-AAEE-F895AE37526D}"
EndProject
Global
	GlobalSection(SolutionConfigurationPlatforms) = preSolution
		Debug|x64 = Debug|x64
		Debug|x86 = Debug|x86
		Release|x64 = Release|x64
		Release|x86 = Release|x86
	EndGlobalSection
	GlobalSection(ProjectConfigurationPlatforms) = postSolution
		{162ECF04-65D4-4EA9-AAEE-F895AE37526D}.Debug|x64.ActiveCfg = Debug|x64
		{162ECF04-65D4-4EA9-AAEE-F895AE37526D}.Debug|x64.Build.0 = Debug|x64
		{162ECF04-65D4-4EA9-AAEE-F895AE37526D}.Debug|x86.ActiveCfg = Debug|Win32
		{162ECF04-65D4-4EA9-AAEE-F895AE37526D}.Debug|x86.Build.0 = Debug|Win32
		{162ECF04-65D4-4EA9-AAEE-F895AE37526D}.Release|x64.ActiveCfg = Release|x64
		{162ECF04-65D4-4EA9-AAEE-F895AE37526D}.Release|x64.Build.0 = Release|x64
		{162ECF04-65D4-4EA9-AAEE-F895AE37526D}.Release|x86.ActiveCfg = Release|Win32
		{162ECF04-65D4-4EA9-AAEE-F895AE37526D}.Release|x86.Build.0 = Release|Win32
	EndGlobalSection
	GlobalSection(SolutionProperties) = preSolution
		HideSolutionNode = FALSE
	EndGlobalSection
	GlobalSection(ExtensibilityGlobals) = postSolution
		SolutionGuid = {159B49C7-D660-43F6-8DCA-7AE84A7FEFA0}
	EndGlobalSection
EndGlobal
